// !$*UTF8*$!
{
	archiveVersion = 1;
	classes = {
	};
	objectVersion = 55;
	objects = {

/* Begin PBXBuildFile section */
		67CBDEB428B6C75F002D5B1A /* SampleApp.swift in Sources */ = {isa = PBXBuildFile; fileRef = 67CBDEB328B6C75F002D5B1A /* SampleApp.swift */; };
		67CBDEB628B6C75F002D5B1A /* ContentView.swift in Sources */ = {isa = PBXBuildFile; fileRef = 67CBDEB528B6C75F002D5B1A /* ContentView.swift */; };
		67CBDEB828B6C760002D5B1A /* Assets.xcassets in Resources */ = {isa = PBXBuildFile; fileRef = 67CBDEB728B6C760002D5B1A /* Assets.xcassets */; };
		67CBDEBB28B6C760002D5B1A /* Preview Assets.xcassets in Resources */ = {isa = PBXBuildFile; fileRef = 67CBDEBA28B6C760002D5B1A /* Preview Assets.xcassets */; };
		67CBDEC528B6C760002D5B1A /* SampleTests.swift in Sources */ = {isa = PBXBuildFile; fileRef = 67CBDEC428B6C760002D5B1A /* SampleTests.swift */; };
		67CBDECF28B6C760002D5B1A /* SampleUITests.swift in Sources */ = {isa = PBXBuildFile; fileRef = 67CBDECE28B6C760002D5B1A /* SampleUITests.swift */; };
		67CBDED128B6C760002D5B1A /* SampleUITestsLaunchTests.swift in Sources */ = {isa = PBXBuildFile; fileRef = 67CBDED028B6C760002D5B1A /* SampleUITestsLaunchTests.swift */; };
		67CBDEED28B7673F002D5B1A /* Konnection in Frameworks */ = {isa = PBXBuildFile; productRef = 67CBDEEC28B7673F002D5B1A /* Konnection */; };
/* End PBXBuildFile section */

/* Begin PBXContainerItemProxy section */
		67CBDEC128B6C760002D5B1A /* PBXContainerItemProxy */ = {
			isa = PBXContainerItemProxy;
			containerPortal = 67CBDEA828B6C75F002D5B1A /* Project object */;
			proxyType = 1;
			remoteGlobalIDString = 67CBDEAF28B6C75F002D5B1A;
			remoteInfo = Sample;
		};
		67CBDECB28B6C760002D5B1A /* PBXContainerItemProxy */ = {
			isa = PBXContainerItemProxy;
			containerPortal = 67CBDEA828B6C75F002D5B1A /* Project object */;
			proxyType = 1;
			remoteGlobalIDString = 67CBDEAF28B6C75F002D5B1A;
			remoteInfo = Sample;
		};
/* End PBXContainerItemProxy section */

/* Begin PBXFileReference section */
		67CBDEB028B6C75F002D5B1A /* Sample.app */ = {isa = PBXFileReference; explicitFileType = wrapper.application; includeInIndex = 0; path = Sample.app; sourceTree = BUILT_PRODUCTS_DIR; };
		67CBDEB328B6C75F002D5B1A /* SampleApp.swift */ = {isa = PBXFileReference; lastKnownFileType = sourcecode.swift; path = SampleApp.swift; sourceTree = "<group>"; };
		67CBDEB528B6C75F002D5B1A /* ContentView.swift */ = {isa = PBXFileReference; lastKnownFileType = sourcecode.swift; path = ContentView.swift; sourceTree = "<group>"; };
		67CBDEB728B6C760002D5B1A /* Assets.xcassets */ = {isa = PBXFileReference; lastKnownFileType = folder.assetcatalog; path = Assets.xcassets; sourceTree = "<group>"; };
		67CBDEBA28B6C760002D5B1A /* Preview Assets.xcassets */ = {isa = PBXFileReference; lastKnownFileType = folder.assetcatalog; path = "Preview Assets.xcassets"; sourceTree = "<group>"; };
		67CBDEC028B6C760002D5B1A /* SampleTests.xctest */ = {isa = PBXFileReference; explicitFileType = wrapper.cfbundle; includeInIndex = 0; path = SampleTests.xctest; sourceTree = BUILT_PRODUCTS_DIR; };
		67CBDEC428B6C760002D5B1A /* SampleTests.swift */ = {isa = PBXFileReference; lastKnownFileType = sourcecode.swift; path = SampleTests.swift; sourceTree = "<group>"; };
		67CBDECA28B6C760002D5B1A /* SampleUITests.xctest */ = {isa = PBXFileReference; explicitFileType = wrapper.cfbundle; includeInIndex = 0; path = SampleUITests.xctest; sourceTree = BUILT_PRODUCTS_DIR; };
		67CBDECE28B6C760002D5B1A /* SampleUITests.swift */ = {isa = PBXFileReference; lastKnownFileType = sourcecode.swift; path = SampleUITests.swift; sourceTree = "<group>"; };
		67CBDED028B6C760002D5B1A /* SampleUITestsLaunchTests.swift */ = {isa = PBXFileReference; lastKnownFileType = sourcecode.swift; path = SampleUITestsLaunchTests.swift; sourceTree = "<group>"; };
		67CBDEEA28B7665D002D5B1A /* swiftpackage */ = {isa = PBXFileReference; lastKnownFileType = wrapper; name = swiftpackage; path = ../../konnection/swiftpackage; sourceTree = "<group>"; };
/* End PBXFileReference section */

/* Begin PBXFrameworksBuildPhase section */
		67CBDEAD28B6C75F002D5B1A /* Frameworks */ = {
			isa = PBXFrameworksBuildPhase;
			buildActionMask = 2147483647;
			files = (
				67CBDEED28B7673F002D5B1A /* Konnection in Frameworks */,
			);
			runOnlyForDeploymentPostprocessing = 0;
		};
		67CBDEBD28B6C760002D5B1A /* Frameworks */ = {
			isa = PBXFrameworksBuildPhase;
			buildActionMask = 2147483647;
			files = (
			);
			runOnlyForDeploymentPostprocessing = 0;
		};
		67CBDEC728B6C760002D5B1A /* Frameworks */ = {
			isa = PBXFrameworksBuildPhase;
			buildActionMask = 2147483647;
			files = (
			);
			runOnlyForDeploymentPostprocessing = 0;
		};
/* End PBXFrameworksBuildPhase section */

/* Begin PBXGroup section */
		67CBDEA728B6C75F002D5B1A = {
			isa = PBXGroup;
			children = (
				67CBDEE928B7665D002D5B1A /* Packages */,
				67CBDEB228B6C75F002D5B1A /* Sample */,
				67CBDEC328B6C760002D5B1A /* SampleTests */,
				67CBDECD28B6C760002D5B1A /* SampleUITests */,
				67CBDEB128B6C75F002D5B1A /* Products */,
				67CBDEEB28B7673F002D5B1A /* Frameworks */,
			);
			sourceTree = "<group>";
		};
		67CBDEB128B6C75F002D5B1A /* Products */ = {
			isa = PBXGroup;
			children = (
				67CBDEB028B6C75F002D5B1A /* Sample.app */,
				67CBDEC028B6C760002D5B1A /* SampleTests.xctest */,
				67CBDECA28B6C760002D5B1A /* SampleUITests.xctest */,
			);
			name = Products;
			sourceTree = "<group>";
		};
		67CBDEB228B6C75F002D5B1A /* Sample */ = {
			isa = PBXGroup;
			children = (
				67CBDEB328B6C75F002D5B1A /* SampleApp.swift */,
				67CBDEB528B6C75F002D5B1A /* ContentView.swift */,
				67CBDEB728B6C760002D5B1A /* Assets.xcassets */,
				67CBDEB928B6C760002D5B1A /* Preview Content */,
			);
			path = Sample;
			sourceTree = "<group>";
		};
		67CBDEB928B6C760002D5B1A /* Preview Content */ = {
			isa = PBXGroup;
			children = (
				67CBDEBA28B6C760002D5B1A /* Preview Assets.xcassets */,
			);
			path = "Preview Content";
			sourceTree = "<group>";
		};
		67CBDEC328B6C760002D5B1A /* SampleTests */ = {
			isa = PBXGroup;
			children = (
				67CBDEC428B6C760002D5B1A /* SampleTests.swift */,
			);
			path = SampleTests;
			sourceTree = "<group>";
		};
		67CBDECD28B6C760002D5B1A /* SampleUITests */ = {
			isa = PBXGroup;
			children = (
				67CBDECE28B6C760002D5B1A /* SampleUITests.swift */,
				67CBDED028B6C760002D5B1A /* SampleUITestsLaunchTests.swift */,
			);
			path = SampleUITests;
			sourceTree = "<group>";
		};
		67CBDEE928B7665D002D5B1A /* Packages */ = {
			isa = PBXGroup;
			children = (
				67CBDEEA28B7665D002D5B1A /* swiftpackage */,
			);
			name = Packages;
			sourceTree = "<group>";
		};
		67CBDEEB28B7673F002D5B1A /* Frameworks */ = {
			isa = PBXGroup;
			children = (
			);
			name = Frameworks;
			sourceTree = "<group>";
		};
/* End PBXGroup section */

/* Begin PBXNativeTarget section */
		67CBDEAF28B6C75F002D5B1A /* Sample */ = {
			isa = PBXNativeTarget;
			buildConfigurationList = 67CBDED428B6C760002D5B1A /* Build configuration list for PBXNativeTarget "Sample" */;
			buildPhases = (
				67CBDEAC28B6C75F002D5B1A /* Sources */,
				67CBDEAD28B6C75F002D5B1A /* Frameworks */,
				67CBDEAE28B6C75F002D5B1A /* Resources */,
			);
			buildRules = (
			);
			dependencies = (
			);
			name = Sample;
			packageProductDependencies = (
				67CBDEEC28B7673F002D5B1A /* Konnection */,
			);
			productName = Sample;
			productReference = 67CBDEB028B6C75F002D5B1A /* Sample.app */;
			productType = "com.apple.product-type.application";
		};
		67CBDEBF28B6C760002D5B1A /* SampleTests */ = {
			isa = PBXNativeTarget;
			buildConfigurationList = 67CBDED728B6C760002D5B1A /* Build configuration list for PBXNativeTarget "SampleTests" */;
			buildPhases = (
				67CBDEBC28B6C760002D5B1A /* Sources */,
				67CBDEBD28B6C760002D5B1A /* Frameworks */,
				67CBDEBE28B6C760002D5B1A /* Resources */,
			);
			buildRules = (
			);
			dependencies = (
				67CBDEC228B6C760002D5B1A /* PBXTargetDependency */,
			);
			name = SampleTests;
			productName = SampleTests;
			productReference = 67CBDEC028B6C760002D5B1A /* SampleTests.xctest */;
			productType = "com.apple.product-type.bundle.unit-test";
		};
		67CBDEC928B6C760002D5B1A /* SampleUITests */ = {
			isa = PBXNativeTarget;
			buildConfigurationList = 67CBDEDA28B6C760002D5B1A /* Build configuration list for PBXNativeTarget "SampleUITests" */;
			buildPhases = (
				67CBDEC628B6C760002D5B1A /* Sources */,
				67CBDEC728B6C760002D5B1A /* Frameworks */,
				67CBDEC828B6C760002D5B1A /* Resources */,
			);
			buildRules = (
			);
			dependencies = (
				67CBDECC28B6C760002D5B1A /* PBXTargetDependency */,
			);
			name = SampleUITests;
			productName = SampleUITests;
			productReference = 67CBDECA28B6C760002D5B1A /* SampleUITests.xctest */;
			productType = "com.apple.product-type.bundle.ui-testing";
		};
/* End PBXNativeTarget section */

/* Begin PBXProject section */
		67CBDEA828B6C75F002D5B1A /* Project object */ = {
			isa = PBXProject;
			attributes = {
				BuildIndependentTargetsInParallel = 1;
				LastSwiftUpdateCheck = 1340;
				LastUpgradeCheck = 1340;
				TargetAttributes = {
					67CBDEAF28B6C75F002D5B1A = {
						CreatedOnToolsVersion = 13.4.1;
					};
					67CBDEBF28B6C760002D5B1A = {
						CreatedOnToolsVersion = 13.4.1;
						TestTargetID = 67CBDEAF28B6C75F002D5B1A;
					};
					67CBDEC928B6C760002D5B1A = {
						CreatedOnToolsVersion = 13.4.1;
						TestTargetID = 67CBDEAF28B6C75F002D5B1A;
					};
				};
			};
			buildConfigurationList = 67CBDEAB28B6C75F002D5B1A /* Build configuration list for PBXProject "Sample" */;
			compatibilityVersion = "Xcode 13.0";
			developmentRegion = en;
			hasScannedForEncodings = 0;
			knownRegions = (
				en,
				Base,
			);
			mainGroup = 67CBDEA728B6C75F002D5B1A;
			productRefGroup = 67CBDEB128B6C75F002D5B1A /* Products */;
			projectDirPath = "";
			projectRoot = "";
			targets = (
				67CBDEAF28B6C75F002D5B1A /* Sample */,
				67CBDEBF28B6C760002D5B1A /* SampleTests */,
				67CBDEC928B6C760002D5B1A /* SampleUITests */,
			);
		};
/* End PBXProject section */

/* Begin PBXResourcesBuildPhase section */
		67CBDEAE28B6C75F002D5B1A /* Resources */ = {
			isa = PBXResourcesBuildPhase;
			buildActionMask = 2147483647;
			files = (
				67CBDEBB28B6C760002D5B1A /* Preview Assets.xcassets in Resources */,
				67CBDEB828B6C760002D5B1A /* Assets.xcassets in Resources */,
			);
			runOnlyForDeploymentPostprocessing = 0;
		};
		67CBDEBE28B6C760002D5B1A /* Resources */ = {
			isa = PBXResourcesBuildPhase;
			buildActionMask = 2147483647;
			files = (
			);
			runOnlyForDeploymentPostprocessing = 0;
		};
		67CBDEC828B6C760002D5B1A /* Resources */ = {
			isa = PBXResourcesBuildPhase;
			buildActionMask = 2147483647;
			files = (
			);
			runOnlyForDeploymentPostprocessing = 0;
		};
/* End PBXResourcesBuildPhase section */

/* Begin PBXSourcesBuildPhase section */
		67CBDEAC28B6C75F002D5B1A /* Sources */ = {
			isa = PBXSourcesBuildPhase;
			buildActionMask = 2147483647;
			files = (
				67CBDEB628B6C75F002D5B1A /* ContentView.swift in Sources */,
				67CBDEB428B6C75F002D5B1A /* SampleApp.swift in Sources */,
			);
			runOnlyForDeploymentPostprocessing = 0;
		};
		67CBDEBC28B6C760002D5B1A /* Sources */ = {
			isa = PBXSourcesBuildPhase;
			buildActionMask = 2147483647;
			files = (
				67CBDEC528B6C760002D5B1A /* SampleTests.swift in Sources */,
			);
			runOnlyForDeploymentPostprocessing = 0;
		};
		67CBDEC628B6C760002D5B1A /* Sources */ = {
			isa = PBXSourcesBuildPhase;
			buildActionMask = 2147483647;
			files = (
				67CBDED128B6C760002D5B1A /* SampleUITestsLaunchTests.swift in Sources */,
				67CBDECF28B6C760002D5B1A /* SampleUITests.swift in Sources */,
			);
			runOnlyForDeploymentPostprocessing = 0;
		};
/* End PBXSourcesBuildPhase section */

/* Begin PBXTargetDependency section */
		67CBDEC228B6C760002D5B1A /* PBXTargetDependency */ = {
			isa = PBXTargetDependency;
			target = 67CBDEAF28B6C75F002D5B1A /* Sample */;
			targetProxy = 67CBDEC128B6C760002D5B1A /* PBXContainerItemProxy */;
		};
		67CBDECC28B6C760002D5B1A /* PBXTargetDependency */ = {
			isa = PBXTargetDependency;
			target = 67CBDEAF28B6C75F002D5B1A /* Sample */;
			targetProxy = 67CBDECB28B6C760002D5B1A /* PBXContainerItemProxy */;
		};
/* End PBXTargetDependency section */

/* Begin XCBuildConfiguration section */
		67CBDED228B6C760002D5B1A /* Debug */ = {
			isa = XCBuildConfiguration;
			buildSettings = {
				ALWAYS_SEARCH_USER_PATHS = NO;
				CLANG_ANALYZER_NONNULL = YES;
				CLANG_ANALYZER_NUMBER_OBJECT_CONVERSION = YES_AGGRESSIVE;
				CLANG_CXX_LANGUAGE_STANDARD = "gnu++17";
				CLANG_ENABLE_MODULES = YES;
				CLANG_ENABLE_OBJC_ARC = YES;
				CLANG_ENABLE_OBJC_WEAK = YES;
				CLANG_WARN_BLOCK_CAPTURE_AUTORELEASING = YES;
				CLANG_WARN_BOOL_CONVERSION = YES;
				CLANG_WARN_COMMA = YES;
				CLANG_WARN_CONSTANT_CONVERSION = YES;
				CLANG_WARN_DEPRECATED_OBJC_IMPLEMENTATIONS = YES;
				CLANG_WARN_DIRECT_OBJC_ISA_USAGE = YES_ERROR;
				CLANG_WARN_DOCUMENTATION_COMMENTS = YES;
				CLANG_WARN_EMPTY_BODY = YES;
				CLANG_WARN_ENUM_CONVERSION = YES;
				CLANG_WARN_INFINITE_RECURSION = YES;
				CLANG_WARN_INT_CONVERSION = YES;
				CLANG_WARN_NON_LITERAL_NULL_CONVERSION = YES;
				CLANG_WARN_OBJC_IMPLICIT_RETAIN_SELF = YES;
				CLANG_WARN_OBJC_LITERAL_CONVERSION = YES;
				CLANG_WARN_OBJC_ROOT_CLASS = YES_ERROR;
				CLANG_WARN_QUOTED_INCLUDE_IN_FRAMEWORK_HEADER = YES;
				CLANG_WARN_RANGE_LOOP_ANALYSIS = YES;
				CLANG_WARN_STRICT_PROTOTYPES = YES;
				CLANG_WARN_SUSPICIOUS_MOVE = YES;
				CLANG_WARN_UNGUARDED_AVAILABILITY = YES_AGGRESSIVE;
				CLANG_WARN_UNREACHABLE_CODE = YES;
				CLANG_WARN__DUPLICATE_METHOD_MATCH = YES;
				COPY_PHASE_STRIP = NO;
				DEBUG_INFORMATION_FORMAT = dwarf;
				ENABLE_STRICT_OBJC_MSGSEND = YES;
				ENABLE_TESTABILITY = YES;
				GCC_C_LANGUAGE_STANDARD = gnu11;
				GCC_DYNAMIC_NO_PIC = NO;
				GCC_NO_COMMON_BLOCKS = YES;
				GCC_OPTIMIZATION_LEVEL = 0;
				GCC_PREPROCESSOR_DEFINITIONS = (
					"DEBUG=1",
					"$(inherited)",
				);
				GCC_WARN_64_TO_32_BIT_CONVERSION = YES;
				GCC_WARN_ABOUT_RETURN_TYPE = YES_ERROR;
				GCC_WARN_UNDECLARED_SELECTOR = YES;
				GCC_WARN_UNINITIALIZED_AUTOS = YES_AGGRESSIVE;
				GCC_WARN_UNUSED_FUNCTION = YES;
				GCC_WARN_UNUSED_VARIABLE = YES;
				IPHONEOS_DEPLOYMENT_TARGET = 14.0;
				MTL_ENABLE_DEBUG_INFO = INCLUDE_SOURCE;
				MTL_FAST_MATH = YES;
				ONLY_ACTIVE_ARCH = YES;
				SDKROOT = iphoneos;
				SWIFT_ACTIVE_COMPILATION_CONDITIONS = DEBUG;
				SWIFT_OPTIMIZATION_LEVEL = "-Onone";
			};
			name = Debug;
		};
		67CBDED328B6C760002D5B1A /* Release */ = {
			isa = XCBuildConfiguration;
			buildSettings = {
				ALWAYS_SEARCH_USER_PATHS = NO;
				CLANG_ANALYZER_NONNULL = YES;
				CLANG_ANALYZER_NUMBER_OBJECT_CONVERSION = YES_AGGRESSIVE;
				CLANG_CXX_LANGUAGE_STANDARD = "gnu++17";
				CLANG_ENABLE_MODULES = YES;
				CLANG_ENABLE_OBJC_ARC = YES;
				CLANG_ENABLE_OBJC_WEAK = YES;
				CLANG_WARN_BLOCK_CAPTURE_AUTORELEASING = YES;
				CLANG_WARN_BOOL_CONVERSION = YES;
				CLANG_WARN_COMMA = YES;
				CLANG_WARN_CONSTANT_CONVERSION = YES;
				CLANG_WARN_DEPRECATED_OBJC_IMPLEMENTATIONS = YES;
				CLANG_WARN_DIRECT_OBJC_ISA_USAGE = YES_ERROR;
				CLANG_WARN_DOCUMENTATION_COMMENTS = YES;
				CLANG_WARN_EMPTY_BODY = YES;
				CLANG_WARN_ENUM_CONVERSION = YES;
				CLANG_WARN_INFINITE_RECURSION = YES;
				CLANG_WARN_INT_CONVERSION = YES;
				CLANG_WARN_NON_LITERAL_NULL_CONVERSION = YES;
				CLANG_WARN_OBJC_IMPLICIT_RETAIN_SELF = YES;
				CLANG_WARN_OBJC_LITERAL_CONVERSION = YES;
				CLANG_WARN_OBJC_ROOT_CLASS = YES_ERROR;
				CLANG_WARN_QUOTED_INCLUDE_IN_FRAMEWORK_HEADER = YES;
				CLANG_WARN_RANGE_LOOP_ANALYSIS = YES;
				CLANG_WARN_STRICT_PROTOTYPES = YES;
				CLANG_WARN_SUSPICIOUS_MOVE = YES;
				CLANG_WARN_UNGUARDED_AVAILABILITY = YES_AGGRESSIVE;
				CLANG_WARN_UNREACHABLE_CODE = YES;
				CLANG_WARN__DUPLICATE_METHOD_MATCH = YES;
				COPY_PHASE_STRIP = NO;
				DEBUG_INFORMATION_FORMAT = "dwarf-with-dsym";
				ENABLE_NS_ASSERTIONS = NO;
				ENABLE_STRICT_OBJC_MSGSEND = YES;
				GCC_C_LANGUAGE_STANDARD = gnu11;
				GCC_NO_COMMON_BLOCKS = YES;
				GCC_WARN_64_TO_32_BIT_CONVERSION = YES;
				GCC_WARN_ABOUT_RETURN_TYPE = YES_ERROR;
				GCC_WARN_UNDECLARED_SELECTOR = YES;
				GCC_WARN_UNINITIALIZED_AUTOS = YES_AGGRESSIVE;
				GCC_WARN_UNUSED_FUNCTION = YES;
				GCC_WARN_UNUSED_VARIABLE = YES;
				IPHONEOS_DEPLOYMENT_TARGET = 14.0;
				MTL_ENABLE_DEBUG_INFO = NO;
				MTL_FAST_MATH = YES;
				SDKROOT = iphoneos;
				SWIFT_COMPILATION_MODE = wholemodule;
				SWIFT_OPTIMIZATION_LEVEL = "-O";
				VALIDATE_PRODUCT = YES;
			};
			name = Release;
		};
		67CBDED528B6C760002D5B1A /* Debug */ = {
			isa = XCBuildConfiguration;
			buildSettings = {
				ASSETCATALOG_COMPILER_APPICON_NAME = AppIcon;
				ASSETCATALOG_COMPILER_GLOBAL_ACCENT_COLOR_NAME = AccentColor;
				CODE_SIGN_STYLE = Automatic;
				CURRENT_PROJECT_VERSION = 1;
				DEVELOPMENT_ASSET_PATHS = "\"Sample/Preview Content\"";
				ENABLE_PREVIEWS = YES;
				GENERATE_INFOPLIST_FILE = YES;
				INFOPLIST_KEY_UIApplicationSceneManifest_Generation = YES;
				INFOPLIST_KEY_UIApplicationSupportsIndirectInputEvents = YES;
				INFOPLIST_KEY_UILaunchScreen_Generation = YES;
				INFOPLIST_KEY_UISupportedInterfaceOrientations_iPad = "UIInterfaceOrientationPortrait UIInterfaceOrientationPortraitUpsideDown UIInterfaceOrientationLandscapeLeft UIInterfaceOrientationLandscapeRight";
				INFOPLIST_KEY_UISupportedInterfaceOrientations_iPhone = "UIInterfaceOrientationPortrait UIInterfaceOrientationLandscapeLeft UIInterfaceOrientationLandscapeRight";
				LD_RUNPATH_SEARCH_PATHS = (
					"$(inherited)",
					"@executable_path/Frameworks",
				);
				MARKETING_VERSION = 1.0;
				PRODUCT_BUNDLE_IDENTIFIER = com.tmapps.konnection.sample;
				PRODUCT_NAME = "$(TARGET_NAME)";
				SWIFT_EMIT_LOC_STRINGS = YES;
				SWIFT_VERSION = 5.0;
				TARGETED_DEVICE_FAMILY = "1,2";
			};
			name = Debug;
		};
		67CBDED628B6C760002D5B1A /* Release */ = {
			isa = XCBuildConfiguration;
			buildSettings = {
				ASSETCATALOG_COMPILER_APPICON_NAME = AppIcon;
				ASSETCATALOG_COMPILER_GLOBAL_ACCENT_COLOR_NAME = AccentColor;
				CODE_SIGN_STYLE = Automatic;
				CURRENT_PROJECT_VERSION = 1;
				DEVELOPMENT_ASSET_PATHS = "\"Sample/Preview Content\"";
				ENABLE_PREVIEWS = YES;
				GENERATE_INFOPLIST_FILE = YES;
				INFOPLIST_KEY_UIApplicationSceneManifest_Generation = YES;
				INFOPLIST_KEY_UIApplicationSupportsIndirectInputEvents = YES;
				INFOPLIST_KEY_UILaunchScreen_Generation = YES;
				INFOPLIST_KEY_UISupportedInterfaceOrientations_iPad = "UIInterfaceOrientationPortrait UIInterfaceOrientationPortraitUpsideDown UIInterfaceOrientationLandscapeLeft UIInterfaceOrientationLandscapeRight";
				INFOPLIST_KEY_UISupportedInterfaceOrientations_iPhone = "UIInterfaceOrientationPortrait UIInterfaceOrientationLandscapeLeft UIInterfaceOrientationLandscapeRight";
				LD_RUNPATH_SEARCH_PATHS = (
					"$(inherited)",
					"@executable_path/Frameworks",
				);
				MARKETING_VERSION = 1.0;
				PRODUCT_BUNDLE_IDENTIFIER = com.tmapps.konnection.sample;
				PRODUCT_NAME = "$(TARGET_NAME)";
				SWIFT_EMIT_LOC_STRINGS = YES;
				SWIFT_VERSION = 5.0;
				TARGETED_DEVICE_FAMILY = "1,2";
			};
			name = Release;
		};
		67CBDED828B6C760002D5B1A /* Debug */ = {
			isa = XCBuildConfiguration;
			buildSettings = {
				ALWAYS_EMBED_SWIFT_STANDARD_LIBRARIES = YES;
				BUNDLE_LOADER = "$(TEST_HOST)";
				CODE_SIGN_STYLE = Automatic;
				CURRENT_PROJECT_VERSION = 1;
				GENERATE_INFOPLIST_FILE = YES;
				IPHONEOS_DEPLOYMENT_TARGET = 14.0;
				MARKETING_VERSION = 1.0;
				PRODUCT_BUNDLE_IDENTIFIER = com.tmapps.SampleTests;
				PRODUCT_NAME = "$(TARGET_NAME)";
				SWIFT_EMIT_LOC_STRINGS = NO;
				SWIFT_VERSION = 5.0;
				TARGETED_DEVICE_FAMILY = "1,2";
				TEST_HOST = "$(BUILT_PRODUCTS_DIR)/Sample.app/Sample";
			};
			name = Debug;
		};
		67CBDED928B6C760002D5B1A /* Release */ = {
			isa = XCBuildConfiguration;
			buildSettings = {
				ALWAYS_EMBED_SWIFT_STANDARD_LIBRARIES = YES;
				BUNDLE_LOADER = "$(TEST_HOST)";
				CODE_SIGN_STYLE = Automatic;
				CURRENT_PROJECT_VERSION = 1;
				GENERATE_INFOPLIST_FILE = YES;
				IPHONEOS_DEPLOYMENT_TARGET = 14.0;
				MARKETING_VERSION = 1.0;
				PRODUCT_BUNDLE_IDENTIFIER = com.tmapps.SampleTests;
				PRODUCT_NAME = "$(TARGET_NAME)";
				SWIFT_EMIT_LOC_STRINGS = NO;
				SWIFT_VERSION = 5.0;
				TARGETED_DEVICE_FAMILY = "1,2";
				TEST_HOST = "$(BUILT_PRODUCTS_DIR)/Sample.app/Sample";
			};
			name = Release;
		};
		67CBDEDB28B6C760002D5B1A /* Debug */ = {
			isa = XCBuildConfiguration;
			buildSettings = {
				ALWAYS_EMBED_SWIFT_STANDARD_LIBRARIES = YES;
				CODE_SIGN_STYLE = Automatic;
				CURRENT_PROJECT_VERSION = 1;
				GENERATE_INFOPLIST_FILE = YES;
				MARKETING_VERSION = 1.0;
				PRODUCT_BUNDLE_IDENTIFIER = com.tmapps.SampleUITests;
				PRODUCT_NAME = "$(TARGET_NAME)";
				SWIFT_EMIT_LOC_STRINGS = NO;
				SWIFT_VERSION = 5.0;
				TARGETED_DEVICE_FAMILY = "1,2";
				TEST_TARGET_NAME = Sample;
			};
			name = Debug;
		};
		67CBDEDC28B6C760002D5B1A /* Release */ = {
			isa = XCBuildConfiguration;
			buildSettings = {
				ALWAYS_EMBED_SWIFT_STANDARD_LIBRARIES = YES;
				CODE_SIGN_STYLE = Automatic;
				CURRENT_PROJECT_VERSION = 1;
				GENERATE_INFOPLIST_FILE = YES;
				MARKETING_VERSION = 1.0;
				PRODUCT_BUNDLE_IDENTIFIER = com.tmapps.SampleUITests;
				PRODUCT_NAME = "$(TARGET_NAME)";
				SWIFT_EMIT_LOC_STRINGS = NO;
				SWIFT_VERSION = 5.0;
				TARGETED_DEVICE_FAMILY = "1,2";
				TEST_TARGET_NAME = Sample;
			};
			name = Release;
		};
/* End XCBuildConfiguration section */

/* Begin XCConfigurationList section */
		67CBDEAB28B6C75F002D5B1A /* Build configuration list for PBXProject "Sample" */ = {
			isa = XCConfigurationList;
			buildConfigurations = (
				67CBDED228B6C760002D5B1A /* Debug */,
				67CBDED328B6C760002D5B1A /* Release */,
			);
			defaultConfigurationIsVisible = 0;
			defaultConfigurationName = Release;
		};
		67CBDED428B6C760002D5B1A /* Build configuration list for PBXNativeTarget "Sample" */ = {
			isa = XCConfigurationList;
			buildConfigurations = (
				67CBDED528B6C760002D5B1A /* Debug */,
				67CBDED628B6C760002D5B1A /* Release */,
			);
			defaultConfigurationIsVisible = 0;
			defaultConfigurationName = Release;
		};
		67CBDED728B6C760002D5B1A /* Build configuration list for PBXNativeTarget "SampleTests" */ = {
			isa = XCConfigurationList;
			buildConfigurations = (
				67CBDED828B6C760002D5B1A /* Debug */,
				67CBDED928B6C760002D5B1A /* Release */,
			);
			defaultConfigurationIsVisible = 0;
			defaultConfigurationName = Release;
		};
		67CBDEDA28B6C760002D5B1A /* Build configuration list for PBXNativeTarget "SampleUITests" */ = {
			isa = XCConfigurationList;
			buildConfigurations = (
				67CBDEDB28B6C760002D5B1A /* Debug */,
				67CBDEDC28B6C760002D5B1A /* Release */,
			);
			defaultConfigurationIsVisible = 0;
			defaultConfigurationName = Release;
		};
/* End XCConfigurationList section */

/* Begin XCSwiftPackageProductDependency section */
		67CBDEEC28B7673F002D5B1A /* Konnection */ = {
			isa = XCSwiftPackageProductDependency;
			productName = Konnection;
		};
/* End XCSwiftPackageProductDependency section */
	};
	rootObject = 67CBDEA828B6C75F002D5B1A /* Project object */;
}
